// !$*UTF8*$!
{
	archiveVersion = 1;
	classes = {
	};
	objectVersion = 46;
	objects = {

/* Begin PBXBuildFile section */
		3FA4A3B2185F0AD50074421B /* Foundation.framework in Frameworks */ = {isa = PBXBuildFile; fileRef = 3FA4A3B1185F0AD50074421B /* Foundation.framework */; };
		3FA4A3B4185F0AD50074421B /* CoreGraphics.framework in Frameworks */ = {isa = PBXBuildFile; fileRef = 3FA4A3B3185F0AD50074421B /* CoreGraphics.framework */; };
		3FA4A3B6185F0AD50074421B /* UIKit.framework in Frameworks */ = {isa = PBXBuildFile; fileRef = 3FA4A3B5185F0AD50074421B /* UIKit.framework */; };
		3FA4A3BC185F0AD50074421B /* InfoPlist.strings in Resources */ = {isa = PBXBuildFile; fileRef = 3FA4A3BA185F0AD50074421B /* InfoPlist.strings */; };
		3FA4A3BE185F0AD50074421B /* main.m in Sources */ = {isa = PBXBuildFile; fileRef = 3FA4A3BD185F0AD50074421B /* main.m */; };
		3FA4A3C2185F0AD50074421B /* AppDelegate.m in Sources */ = {isa = PBXBuildFile; fileRef = 3FA4A3C1185F0AD50074421B /* AppDelegate.m */; };
		3FA4A3C4185F0AD50074421B /* Images.xcassets in Resources */ = {isa = PBXBuildFile; fileRef = 3FA4A3C3185F0AD50074421B /* Images.xcassets */; };
		3FA4A3CB185F0AD50074421B /* XCTest.framework in Frameworks */ = {isa = PBXBuildFile; fileRef = 3FA4A3CA185F0AD50074421B /* XCTest.framework */; };
		3FA4A3CC185F0AD50074421B /* Foundation.framework in Frameworks */ = {isa = PBXBuildFile; fileRef = 3FA4A3B1185F0AD50074421B /* Foundation.framework */; };
		3FA4A3CD185F0AD50074421B /* UIKit.framework in Frameworks */ = {isa = PBXBuildFile; fileRef = 3FA4A3B5185F0AD50074421B /* UIKit.framework */; };
		3FA4A3D5185F0AD50074421B /* InfoPlist.strings in Resources */ = {isa = PBXBuildFile; fileRef = 3FA4A3D3185F0AD50074421B /* InfoPlist.strings */; };
		3FA4A3D7185F0AD50074421B /* KeyChainTests.m in Sources */ = {isa = PBXBuildFile; fileRef = 3FA4A3D6185F0AD50074421B /* KeyChainTests.m */; };
/* End PBXBuildFile section */

/* Begin PBXContainerItemProxy section */
		3FA4A3CE185F0AD50074421B /* PBXContainerItemProxy */ = {
			isa = PBXContainerItemProxy;
			containerPortal = 3FA4A3A6185F0AD50074421B /* Project object */;
			proxyType = 1;
			remoteGlobalIDString = 3FA4A3AD185F0AD50074421B;
			remoteInfo = KeyChain;
		};
/* End PBXContainerItemProxy section */

/* Begin PBXFileReference section */
		3FA4A3AE185F0AD50074421B /* KeyChain.app */ = {isa = PBXFileReference; explicitFileType = wrapper.application; includeInIndex = 0; path = KeyChain.app; sourceTree = BUILT_PRODUCTS_DIR; };
		3FA4A3B1185F0AD50074421B /* Foundation.framework */ = {isa = PBXFileReference; lastKnownFileType = wrapper.framework; name = Foundation.framework; path = System/Library/Frameworks/Foundation.framework; sourceTree = SDKROOT; };
		3FA4A3B3185F0AD50074421B /* CoreGraphics.framework */ = {isa = PBXFileReference; lastKnownFileType = wrapper.framework; name = CoreGraphics.framework; path = System/Library/Frameworks/CoreGraphics.framework; sourceTree = SDKROOT; };
		3FA4A3B5185F0AD50074421B /* UIKit.framework */ = {isa = PBXFileReference; lastKnownFileType = wrapper.framework; name = UIKit.framework; path = System/Library/Frameworks/UIKit.framework; sourceTree = SDKROOT; };
		3FA4A3B9185F0AD50074421B /* KeyChain-Info.plist */ = {isa = PBXFileReference; lastKnownFileType = text.plist.xml; path = "KeyChain-Info.plist"; sourceTree = "<group>"; };
		3FA4A3BB185F0AD50074421B /* en */ = {isa = PBXFileReference; lastKnownFileType = text.plist.strings; name = en; path = en.lproj/InfoPlist.strings; sourceTree = "<group>"; };
		3FA4A3BD185F0AD50074421B /* main.m */ = {isa = PBXFileReference; lastKnownFileType = sourcecode.c.objc; path = main.m; sourceTree = "<group>"; };
		3FA4A3BF185F0AD50074421B /* KeyChain-Prefix.pch */ = {isa = PBXFileReference; lastKnownFileType = sourcecode.c.h; path = "KeyChain-Prefix.pch"; sourceTree = "<group>"; };
		3FA4A3C0185F0AD50074421B /* AppDelegate.h */ = {isa = PBXFileReference; lastKnownFileType = sourcecode.c.h; path = AppDelegate.h; sourceTree = "<group>"; };
		3FA4A3C1185F0AD50074421B /* AppDelegate.m */ = {isa = PBXFileReference; lastKnownFileType = sourcecode.c.objc; path = AppDelegate.m; sourceTree = "<group>"; };
		3FA4A3C3185F0AD50074421B /* Images.xcassets */ = {isa = PBXFileReference; lastKnownFileType = folder.assetcatalog; path = Images.xcassets; sourceTree = "<group>"; };
		3FA4A3C9185F0AD50074421B /* KeyChainTests.xctest */ = {isa = PBXFileReference; explicitFileType = wrapper.cfbundle; includeInIndex = 0; path = KeyChainTests.xctest; sourceTree = BUILT_PRODUCTS_DIR; };
		3FA4A3CA185F0AD50074421B /* XCTest.framework */ = {isa = PBXFileReference; lastKnownFileType = wrapper.framework; name = XCTest.framework; path = Library/Frameworks/XCTest.framework; sourceTree = DEVELOPER_DIR; };
		3FA4A3D2185F0AD50074421B /* KeyChainTests-Info.plist */ = {isa = PBXFileReference; lastKnownFileType = text.plist.xml; path = "KeyChainTests-Info.plist"; sourceTree = "<group>"; };
		3FA4A3D4185F0AD50074421B /* en */ = {isa = PBXFileReference; lastKnownFileType = text.plist.strings; name = en; path = en.lproj/InfoPlist.strings; sourceTree = "<group>"; };
		3FA4A3D6185F0AD50074421B /* KeyChainTests.m */ = {isa = PBXFileReference; lastKnownFileType = sourcecode.c.objc; path = KeyChainTests.m; sourceTree = "<group>"; };
/* End PBXFileReference section */

/* Begin PBXFrameworksBuildPhase section */
		3FA4A3AB185F0AD50074421B /* Frameworks */ = {
			isa = PBXFrameworksBuildPhase;
			buildActionMask = 2147483647;
			files = (
				3FA4A3B4185F0AD50074421B /* CoreGraphics.framework in Frameworks */,
				3FA4A3B6185F0AD50074421B /* UIKit.framework in Frameworks */,
				3FA4A3B2185F0AD50074421B /* Foundation.framework in Frameworks */,
			);
			runOnlyForDeploymentPostprocessing = 0;
		};
		3FA4A3C6185F0AD50074421B /* Frameworks */ = {
			isa = PBXFrameworksBuildPhase;
			buildActionMask = 2147483647;
			files = (
				3FA4A3CB185F0AD50074421B /* XCTest.framework in Frameworks */,
				3FA4A3CD185F0AD50074421B /* UIKit.framework in Frameworks */,
				3FA4A3CC185F0AD50074421B /* Foundation.framework in Frameworks */,
			);
			runOnlyForDeploymentPostprocessing = 0;
		};
/* End PBXFrameworksBuildPhase section */

/* Begin PBXGroup section */
		3FA4A3A5185F0AD50074421B = {
			isa = PBXGroup;
			children = (
				3FA4A3B7185F0AD50074421B /* KeyChain */,
				3FA4A3D0185F0AD50074421B /* KeyChainTests */,
				3FA4A3B0185F0AD50074421B /* Frameworks */,
				3FA4A3AF185F0AD50074421B /* Products */,
			);
			sourceTree = "<group>";
		};
		3FA4A3AF185F0AD50074421B /* Products */ = {
			isa = PBXGroup;
			children = (
				3FA4A3AE185F0AD50074421B /* KeyChain.app */,
				3FA4A3C9185F0AD50074421B /* KeyChainTests.xctest */,
			);
			name = Products;
			sourceTree = "<group>";
		};
		3FA4A3B0185F0AD50074421B /* Frameworks */ = {
			isa = PBXGroup;
			children = (
				3FA4A3B1185F0AD50074421B /* Foundation.framework */,
				3FA4A3B3185F0AD50074421B /* CoreGraphics.framework */,
				3FA4A3B5185F0AD50074421B /* UIKit.framework */,
				3FA4A3CA185F0AD50074421B /* XCTest.framework */,
			);
			name = Frameworks;
			sourceTree = "<group>";
		};
		3FA4A3B7185F0AD50074421B /* KeyChain */ = {
			isa = PBXGroup;
			children = (
				3FA4A3C0185F0AD50074421B /* AppDelegate.h */,
				3FA4A3C1185F0AD50074421B /* AppDelegate.m */,
				3FA4A3C3185F0AD50074421B /* Images.xcassets */,
				3FA4A3B8185F0AD50074421B /* Supporting Files */,
			);
			path = KeyChain;
			sourceTree = "<group>";
		};
		3FA4A3B8185F0AD50074421B /* Supporting Files */ = {
			isa = PBXGroup;
			children = (
				3FA4A3B9185F0AD50074421B /* KeyChain-Info.plist */,
				3FA4A3BA185F0AD50074421B /* InfoPlist.strings */,
				3FA4A3BD185F0AD50074421B /* main.m */,
				3FA4A3BF185F0AD50074421B /* KeyChain-Prefix.pch */,
			);
			name = "Supporting Files";
			sourceTree = "<group>";
		};
		3FA4A3D0185F0AD50074421B /* KeyChainTests */ = {
			isa = PBXGroup;
			children = (
				3FA4A3D6185F0AD50074421B /* KeyChainTests.m */,
				3FA4A3D1185F0AD50074421B /* Supporting Files */,
			);
			path = KeyChainTests;
			sourceTree = "<group>";
		};
		3FA4A3D1185F0AD50074421B /* Supporting Files */ = {
			isa = PBXGroup;
			children = (
				3FA4A3D2185F0AD50074421B /* KeyChainTests-Info.plist */,
				3FA4A3D3185F0AD50074421B /* InfoPlist.strings */,
			);
			name = "Supporting Files";
			sourceTree = "<group>";
		};
/* End PBXGroup section */

/* Begin PBXNativeTarget section */
		3FA4A3AD185F0AD50074421B /* KeyChain */ = {
			isa = PBXNativeTarget;
			buildConfigurationList = 3FA4A3DA185F0AD50074421B /* Build configuration list for PBXNativeTarget "KeyChain" */;
			buildPhases = (
				3FA4A3AA185F0AD50074421B /* Sources */,
				3FA4A3AB185F0AD50074421B /* Frameworks */,
				3FA4A3AC185F0AD50074421B /* Resources */,
			);
			buildRules = (
			);
			dependencies = (
			);
			name = KeyChain;
			productName = KeyChain;
			productReference = 3FA4A3AE185F0AD50074421B /* KeyChain.app */;
			productType = "com.apple.product-type.application";
		};
		3FA4A3C8185F0AD50074421B /* KeyChainTests */ = {
			isa = PBXNativeTarget;
			buildConfigurationList = 3FA4A3DD185F0AD50074421B /* Build configuration list for PBXNativeTarget "KeyChainTests" */;
			buildPhases = (
				3FA4A3C5185F0AD50074421B /* Sources */,
				3FA4A3C6185F0AD50074421B /* Frameworks */,
				3FA4A3C7185F0AD50074421B /* Resources */,
			);
			buildRules = (
			);
			dependencies = (
				3FA4A3CF185F0AD50074421B /* PBXTargetDependency */,
			);
			name = KeyChainTests;
			productName = KeyChainTests;
			productReference = 3FA4A3C9185F0AD50074421B /* KeyChainTests.xctest */;
			productType = "com.apple.product-type.bundle.unit-test";
		};
/* End PBXNativeTarget section */

/* Begin PBXProject section */
		3FA4A3A6185F0AD50074421B /* Project object */ = {
			isa = PBXProject;
			attributes = {
				LastUpgradeCheck = 0500;
				ORGANIZATIONNAME = DAPM;
				TargetAttributes = {
					3FA4A3C8185F0AD50074421B = {
						TestTargetID = 3FA4A3AD185F0AD50074421B;
					};
				};
			};
			buildConfigurationList = 3FA4A3A9185F0AD50074421B /* Build configuration list for PBXProject "KeyChain" */;
			compatibilityVersion = "Xcode 3.2";
			developmentRegion = English;
			hasScannedForEncodings = 0;
			knownRegions = (
				en,
			);
			mainGroup = 3FA4A3A5185F0AD50074421B;
			productRefGroup = 3FA4A3AF185F0AD50074421B /* Products */;
			projectDirPath = "";
			projectRoot = "";
			targets = (
				3FA4A3AD185F0AD50074421B /* KeyChain */,
				3FA4A3C8185F0AD50074421B /* KeyChainTests */,
			);
		};
/* End PBXProject section */

/* Begin PBXResourcesBuildPhase section */
		3FA4A3AC185F0AD50074421B /* Resources */ = {
			isa = PBXResourcesBuildPhase;
			buildActionMask = 2147483647;
			files = (
				3FA4A3BC185F0AD50074421B /* InfoPlist.strings in Resources */,
				3FA4A3C4185F0AD50074421B /* Images.xcassets in Resources */,
			);
			runOnlyForDeploymentPostprocessing = 0;
		};
		3FA4A3C7185F0AD50074421B /* Resources */ = {
			isa = PBXResourcesBuildPhase;
			buildActionMask = 2147483647;
			files = (
				3FA4A3D5185F0AD50074421B /* InfoPlist.strings in Resources */,
			);
			runOnlyForDeploymentPostprocessing = 0;
		};
/* End PBXResourcesBuildPhase section */

/* Begin PBXSourcesBuildPhase section */
		3FA4A3AA185F0AD50074421B /* Sources */ = {
			isa = PBXSourcesBuildPhase;
			buildActionMask = 2147483647;
			files = (
				3FA4A3C2185F0AD50074421B /* AppDelegate.m in Sources */,
				3FA4A3BE185F0AD50074421B /* main.m in Sources */,
			);
			runOnlyForDeploymentPostprocessing = 0;
		};
		3FA4A3C5185F0AD50074421B /* Sources */ = {
			isa = PBXSourcesBuildPhase;
			buildActionMask = 2147483647;
			files = (
				3FA4A3D7185F0AD50074421B /* KeyChainTests.m in Sources */,
			);
			runOnlyForDeploymentPostprocessing = 0;
		};
/* End PBXSourcesBuildPhase section */

/* Begin PBXTargetDependency section */
		3FA4A3CF185F0AD50074421B /* PBXTargetDependency */ = {
			isa = PBXTargetDependency;
			target = 3FA4A3AD185F0AD50074421B /* KeyChain */;
			targetProxy = 3FA4A3CE185F0AD50074421B /* PBXContainerItemProxy */;
		};
/* End PBXTargetDependency section */

/* Begin PBXVariantGroup section */
		3FA4A3BA185F0AD50074421B /* InfoPlist.strings */ = {
			isa = PBXVariantGroup;
			children = (
				3FA4A3BB185F0AD50074421B /* en */,
			);
			name = InfoPlist.strings;
			sourceTree = "<group>";
		};
		3FA4A3D3185F0AD50074421B /* InfoPlist.strings */ = {
			isa = PBXVariantGroup;
			children = (
				3FA4A3D4185F0AD50074421B /* en */,
			);
			name = InfoPlist.strings;
			sourceTree = "<group>";
		};
/* End PBXVariantGroup section */

/* Begin XCBuildConfiguration section */
		3FA4A3D8185F0AD50074421B /* Debug */ = {
			isa = XCBuildConfiguration;
			buildSettings = {
				ALWAYS_SEARCH_USER_PATHS = NO;
				ARCHS = "$(ARCHS_STANDARD_INCLUDING_64_BIT)";
				CLANG_CXX_LANGUAGE_STANDARD = "gnu++0x";
				CLANG_CXX_LIBRARY = "libc++";
				CLANG_ENABLE_MODULES = YES;
				CLANG_ENABLE_OBJC_ARC = YES;
				CLANG_WARN_BOOL_CONVERSION = YES;
				CLANG_WARN_CONSTANT_CONVERSION = YES;
				CLANG_WARN_DIRECT_OBJC_ISA_USAGE = YES_ERROR;
				CLANG_WARN_EMPTY_BODY = YES;
				CLANG_WARN_ENUM_CONVERSION = YES;
				CLANG_WARN_INT_CONVERSION = YES;
				CLANG_WARN_OBJC_ROOT_CLASS = YES_ERROR;
				CLANG_WARN__DUPLICATE_METHOD_MATCH = YES;
				"CODE_SIGN_IDENTITY[sdk=iphoneos*]" = "iPhone Developer";
				COPY_PHASE_STRIP = NO;
				GCC_C_LANGUAGE_STANDARD = gnu99;
				GCC_DYNAMIC_NO_PIC = NO;
				GCC_OPTIMIZATION_LEVEL = 0;
				GCC_PREPROCESSOR_DEFINITIONS = (
					"DEBUG=1",
					"$(inherited)",
				);
				GCC_SYMBOLS_PRIVATE_EXTERN = NO;
				GCC_WARN_64_TO_32_BIT_CONVERSION = YES;
				GCC_WARN_ABOUT_RETURN_TYPE = YES_ERROR;
				GCC_WARN_UNDECLARED_SELECTOR = YES;
				GCC_WARN_UNINITIALIZED_AUTOS = YES;
				GCC_WARN_UNUSED_FUNCTION = YES;
				GCC_WARN_UNUSED_VARIABLE = YES;
				IPHONEOS_DEPLOYMENT_TARGET = 7.0;
				ONLY_ACTIVE_ARCH = YES;
				SDKROOT = iphoneos;
				TARGETED_DEVICE_FAMILY = "1,2";
			};
			name = Debug;
		};
		3FA4A3D9185F0AD50074421B /* Release */ = {
			isa = XCBuildConfiguration;
			buildSettings = {
				ALWAYS_SEARCH_USER_PATHS = NO;
				ARCHS = "$(ARCHS_STANDARD_INCLUDING_64_BIT)";
				CLANG_CXX_LANGUAGE_STANDARD = "gnu++0x";
				CLANG_CXX_LIBRARY = "libc++";
				CLANG_ENABLE_MODULES = YES;
				CLANG_ENABLE_OBJC_ARC = YES;
				CLANG_WARN_BOOL_CONVERSION = YES;
				CLANG_WARN_CONSTANT_CONVERSION = YES;
				CLANG_WARN_DIRECT_OBJC_ISA_USAGE = YES_ERROR;
				CLANG_WARN_EMPTY_BODY = YES;
				CLANG_WARN_ENUM_CONVERSION = YES;
				CLANG_WARN_INT_CONVERSION = YES;
				CLANG_WARN_OBJC_ROOT_CLASS = YES_ERROR;
				CLANG_WARN__DUPLICATE_METHOD_MATCH = YES;
				"CODE_SIGN_IDENTITY[sdk=iphoneos*]" = "iPhone Developer";
				COPY_PHASE_STRIP = YES;
				ENABLE_NS_ASSERTIONS = NO;
				GCC_C_LANGUAGE_STANDARD = gnu99;
				GCC_WARN_64_TO_32_BIT_CONVERSION = YES;
				GCC_WARN_ABOUT_RETURN_TYPE = YES_ERROR;
				GCC_WARN_UNDECLARED_SELECTOR = YES;
				GCC_WARN_UNINITIALIZED_AUTOS = YES;
				GCC_WARN_UNUSED_FUNCTION = YES;
				GCC_WARN_UNUSED_VARIABLE = YES;
				IPHONEOS_DEPLOYMENT_TARGET = 7.0;
				SDKROOT = iphoneos;
				TARGETED_DEVICE_FAMILY = "1,2";
				VALIDATE_PRODUCT = YES;
			};
			name = Release;
		};
		3FA4A3DB185F0AD50074421B /* Debug */ = {
			isa = XCBuildConfiguration;
			buildSettings = {
				ASSETCATALOG_COMPILER_APPICON_NAME = AppIcon;
				ASSETCATALOG_COMPILER_LAUNCHIMAGE_NAME = LaunchImage;
				GCC_PRECOMPILE_PREFIX_HEADER = YES;
				GCC_PREFIX_HEADER = "KeyChain/KeyChain-Prefix.pch";
				INFOPLIST_FILE = "KeyChain/KeyChain-Info.plist";
				PRODUCT_NAME = "$(TARGET_NAME)";
				WRAPPER_EXTENSION = app;
			};
			name = Debug;
		};
		3FA4A3DC185F0AD50074421B /* Release */ = {
			isa = XCBuildConfiguration;
			buildSettings = {
				ASSETCATALOG_COMPILER_APPICON_NAME = AppIcon;
				ASSETCATALOG_COMPILER_LAUNCHIMAGE_NAME = LaunchImage;
				GCC_PRECOMPILE_PREFIX_HEADER = YES;
				GCC_PREFIX_HEADER = "KeyChain/KeyChain-Prefix.pch";
				INFOPLIST_FILE = "KeyChain/KeyChain-Info.plist";
				PRODUCT_NAME = "$(TARGET_NAME)";
				WRAPPER_EXTENSION = app;
			};
			name = Release;
		};
		3FA4A3DE185F0AD50074421B /* Debug */ = {
			isa = XCBuildConfiguration;
			buildSettings = {
				ARCHS = "$(ARCHS_STANDARD_INCLUDING_64_BIT)";
				BUNDLE_LOADER = "$(BUILT_PRODUCTS_DIR)/KeyChain.app/KeyChain";
				FRAMEWORK_SEARCH_PATHS = (
					"$(SDKROOT)/Developer/Library/Frameworks",
					"$(inherited)",
					"$(DEVELOPER_FRAMEWORKS_DIR)",
				);
				GCC_PRECOMPILE_PREFIX_HEADER = YES;
				GCC_PREFIX_HEADER = "KeyChain/KeyChain-Prefix.pch";
				GCC_PREPROCESSOR_DEFINITIONS = (
					"DEBUG=1",
					"$(inherited)",
				);
				INFOPLIST_FILE = "KeyChainTests/KeyChainTests-Info.plist";
				PRODUCT_NAME = "$(TARGET_NAME)";
				TEST_HOST = "$(BUNDLE_LOADER)";
				WRAPPER_EXTENSION = xctest;
			};
			name = Debug;
		};
		3FA4A3DF185F0AD50074421B /* Release */ = {
			isa = XCBuildConfiguration;
			buildSettings = {
				ARCHS = "$(ARCHS_STANDARD_INCLUDING_64_BIT)";
				BUNDLE_LOADER = "$(BUILT_PRODUCTS_DIR)/KeyChain.app/KeyChain";
				FRAMEWORK_SEARCH_PATHS = (
					"$(SDKROOT)/Developer/Library/Frameworks",
					"$(inherited)",
					"$(DEVELOPER_FRAMEWORKS_DIR)",
				);
				GCC_PRECOMPILE_PREFIX_HEADER = YES;
				GCC_PREFIX_HEADER = "KeyChain/KeyChain-Prefix.pch";
				INFOPLIST_FILE = "KeyChainTests/KeyChainTests-Info.plist";
				PRODUCT_NAME = "$(TARGET_NAME)";
				TEST_HOST = "$(BUNDLE_LOADER)";
				WRAPPER_EXTENSION = xctest;
			};
			name = Release;
		};
/* End XCBuildConfiguration section */

/* Begin XCConfigurationList section */
		3FA4A3A9185F0AD50074421B /* Build configuration list for PBXProject "KeyChain" */ = {
			isa = XCConfigurationList;
			buildConfigurations = (
				3FA4A3D8185F0AD50074421B /* Debug */,
				3FA4A3D9185F0AD50074421B /* Release */,
			);
			defaultConfigurationIsVisible = 0;
			defaultConfigurationName = Release;
		};
		3FA4A3DA185F0AD50074421B /* Build configuration list for PBXNativeTarget "KeyChain" */ = {
			isa = XCConfigurationList;
			buildConfigurations = (
				3FA4A3DB185F0AD50074421B /* Debug */,
				3FA4A3DC185F0AD50074421B /* Release */,
			);
			defaultConfigurationIsVisible = 0;
		};
		3FA4A3DD185F0AD50074421B /* Build configuration list for PBXNativeTarget "KeyChainTests" */ = {
			isa = XCConfigurationList;
			buildConfigurations = (
				3FA4A3DE185F0AD50074421B /* Debug */,
				3FA4A3DF185F0AD50074421B /* Release */,
			);
			defaultConfigurationIsVisible = 0;
		};
/* End XCConfigurationList section */
	};
	rootObject = 3FA4A3A6185F0AD50074421B /* Project object */;
}
